{
    "knplabs/knp-components": {
        "version": "v2.5.1"
    },
    "knplabs/knp-paginator-bundle": {
        "version": "v5.3.0"
    },
    "twig/extensions": {
        "version": "1.0",
        "recipe": {
            "repo": "github.com/symfony/recipes",
            "branch": "master",
            "version": "1.0",
            "ref": "a86723ee8d8b2f9437c8ce60a5546a1c267da5ed"
        },
        "files": [
            "./config/packages/twig_extensions.yaml"
        ]
    },
    "twig/extra-bundle": {
        "version": "v3.1.1"
    },
    "twig/twig": {
        "version": "v2.14.1"
    }
}
